
Microsoft Visual Studio Solution File, Format Version 12.00
# Visual Studio Version 16
VisualStudioVersion = 16.0.31205.134
MinimumVisualStudioVersion = 10.0.40219.1
Project("{FAE04EC0-301F-11D3-BF4B-00C04F79EFBC}") = "MirageStandalone", "MirageStandalone.csproj", "{9AB16B5A-2A1A-43BA-91F6-4F994462F729}"
EndProject
Global
	GlobalSection(SolutionConfigurationPlatforms) = preSolution
		Debug|Any CPU = Debug|Any CPU
		Release|Any CPU = Release|Any CPU
	EndGlobalSection
	GlobalSection(ProjectConfigurationPlatforms) = postSolution
		{9AB16B5A-2A1A-43BA-91F6-4F994462F729}.Debug|Any CPU.ActiveCfg = Debug|Any CPU
		{9AB16B5A-2A1A-43BA-91F6-4F994462F729}.Debug|Any CPU.Build.0 = Debug|Any CPU
		{9AB16B5A-2A1A-43BA-91F6-4F994462F729}.Release|Any CPU.ActiveCfg = Release|Any CPU
		{9AB16B5A-2A1A-43BA-91F6-4F994462F729}.Release|Any CPU.Build.0 = Release|Any CPU
	EndGlobalSection
	GlobalSection(SolutionProperties) = preSolution
		HideSolutionNode = FALSE
	EndGlobalSection
	GlobalSection(ExtensibilityGlobals) = postSolution
		SolutionGuid = {95CD1D8A-5B62-4E3B-AA87-4CF9A1B6FAC7}
	EndGlobalSection
EndGlobal
